<?xml version="1.0" encoding="utf-8"?>
<Project ToolsVersion="4.0" xmlns="http://schemas.microsoft.com/developer/msbuild/2003">
  <ItemGroup>
    <Filter Include="Source Files">
      <UniqueIdentifier>{4FC737F1-C7A5-4376-A066-2A32D752A2FF}</UniqueIdentifier>
      <Extensions>cpp;c;cc;cxx;def;odl;idl;hpj;bat;asm;asmx</Extensions>
    </Filter>
    <Filter Include="Header Files">
      <UniqueIdentifier>{93995380-89BD-4b04-88EB-625FBE52EBFB}</UniqueIdentifier>
      <Extensions>h;hh;hpp;hxx;hm;inl;inc;xsd</Extensions>
    </Filter>
    <Filter Include="Resource Files">
      <UniqueIdentifier>{67DA6AB6-F800-4c08-8B7A-83BB121AAD01}</UniqueIdentifier>
      <Extensions>rc;ico;cur;bmp;dlg;rc2;rct;bin;rgs;gif;jpg;jpeg;jpe;resx;tiff;tif;png;wav;mfcribbon-ms</Extensions>
    </Filter>
  </ItemGroup>
  <ItemGroup>
    <Text Include="ReadMe.txt" />
  </ItemGroup>
  <ItemGroup>
    <ClInclude Include="targetver.h">
      <Filter>Header Files</Filter>
    </ClInclude>
    <ClInclude Include="G_Unit.h">
      <Filter>Header Files</Filter>
    </ClInclude>
    <ClInclude Include="CharacterModel.h">
      <Filter>Header Files</Filter>
    </ClInclude>
    <ClInclude Include="Potion.h">
      <Filter>Header Files</Filter>
    </ClInclude>
    <ClInclude Include="TileMap.h">
      <Filter>Header Files</Filter>
    </ClInclude>
    <ClInclude Include="Chest.h">
      <Filter>Header Files</Filter>
    </ClInclude>
    <ClInclude Include="Door.h">
      <Filter>Header Files</Filter>
    </ClInclude>
  </ItemGroup>
  <ItemGroup>
    <ClCompile Include="IronTorch.cpp">
      <Filter>Source Files</Filter>
    </ClCompile>
    <ClCompile Include="G_Unit.cpp">
      <Filter>Source Files</Filter>
    </ClCompile>
    <ClCompile Include="CharacterModel.cpp">
      <Filter>Source Files</Filter>
    </ClCompile>
    <ClCompile Include="Potion.cpp">
      <Filter>Source Files</Filter>
    </ClCompile>
    <ClCompile Include="TileMap.cpp">
      <Filter>Source Files</Filter>
    </ClCompile>
    <ClCompile Include="Chest.cpp">
      <Filter>Source Files</Filter>
    </ClCompile>
    <ClCompile Include="Door.cpp">
      <Filter>Source Files</Filter>
    </ClCompile>
  </ItemGroup>
  <ItemGroup>
    <Image Include="left.png">
      <Filter>Resource Files</Filter>
    </Image>
    <Image Include="right.png">
      <Filter>Resource Files</Filter>
    </Image>
    <Image Include="death.png">
      <Filter>Resource Files</Filter>
    </Image>
    <Image Include="vampire(left).png">
      <Filter>Resource Files</Filter>
    </Image>
    <Image Include="zombie(right).png">
      <Filter>Resource Files</Filter>
    </Image>
    <Image Include="tileset.png">
      <Filter>Resource Files</Filter>
    </Image>
    <Image Include="vampire(right).png">
      <Filter>Resource Files</Filter>
    </Image>
    <Image Include="zombie(left).png">
      <Filter>Resource Files</Filter>
    </Image>
    <Image Include="claw-marks.png">
      <Filter>Resource Files</Filter>
    </Image>
    <Image Include="chest_open.png">
      <Filter>Resource Files</Filter>
    </Image>
    <Image Include="chest-close.png">
      <Filter>Resource Files</Filter>
    </Image>
    <Image Include="door-closed.png">
      <Filter>Resource Files</Filter>
    </Image>
    <Image Include="door-open.png">
      <Filter>Resource Files</Filter>
    </Image>
    <Image Include="doors.png">
      <Filter>Resource Files</Filter>
    </Image>
    <Image Include="battle-tileSet.png">
      <Filter>Resource Files</Filter>
    </Image>
  </ItemGroup>
  <ItemGroup>
    <None Include="openal32.dll" />
  </ItemGroup>
  <ItemGroup>
    <Media Include="boss_song.wav">
      <Filter>Resource Files</Filter>
    </Media>
    <Media Include="theme_song.wav">
      <Filter>Resource Files</Filter>
    </Media>
  </ItemGroup>
  <ItemGroup>
    <Font Include="DancingScript-Bold.ttf" />
    <Font Include="DancingScript-Regular.ttf" />
  </ItemGroup>
</Project>